
Microsoft Visual Studio Solution File, Format Version 12.00
# Visual Studio Version 17
VisualStudioVersion = 17.0.31912.275
MinimumVisualStudioVersion = 10.0.40219.1
Project("{9A19103F-16F7-4668-BE54-9A1E7A4F7556}") = "Dotnet5Demo", "Dotnet5Demo\Dotnet5Demo.csproj", "{1A89CF06-9F64-4F5E-B5E6-F1618BED6EBE}"
EndProject
Project("{9A19103F-16F7-4668-BE54-9A1E7A4F7556}") = "Crystal.Plot2D", "Source\Crystal.Plot2D.csproj", "{C347F23A-F273-401A-9FFA-19355778F1F2}"
EndProject
Global
	GlobalSection(SolutionConfigurationPlatforms) = preSolution
		Debug|Any CPU = Debug|Any CPU
		Debug|ARM = Debug|ARM
		Debug|ARM64 = Debug|ARM64
		Debug|Mixed Platforms = Debug|Mixed Platforms
		Debug|x64 = Debug|x64
		Debug|x86 = Debug|x86
		Release|Any CPU = Release|Any CPU
		Release|ARM = Release|ARM
		Release|ARM64 = Release|ARM64
		Release|Mixed Platforms = Release|Mixed Platforms
		Release|x64 = Release|x64
		Release|x86 = Release|x86
		ReleaseXBAP|Any CPU = ReleaseXBAP|Any CPU
		ReleaseXBAP|ARM = ReleaseXBAP|ARM
		ReleaseXBAP|ARM64 = ReleaseXBAP|ARM64
		ReleaseXBAP|Mixed Platforms = ReleaseXBAP|Mixed Platforms
		ReleaseXBAP|x64 = ReleaseXBAP|x64
		ReleaseXBAP|x86 = ReleaseXBAP|x86
	EndGlobalSection
	GlobalSection(ProjectConfigurationPlatforms) = postSolution
		{1A89CF06-9F64-4F5E-B5E6-F1618BED6EBE}.Debug|Any CPU.ActiveCfg = Debug|Any CPU
		{1A89CF06-9F64-4F5E-B5E6-F1618BED6EBE}.Debug|Any CPU.Build.0 = Debug|Any CPU
		{1A89CF06-9F64-4F5E-B5E6-F1618BED6EBE}.Debug|ARM.ActiveCfg = Debug|Any CPU
		{1A89CF06-9F64-4F5E-B5E6-F1618BED6EBE}.Debug|ARM.Build.0 = Debug|Any CPU
		{1A89CF06-9F64-4F5E-B5E6-F1618BED6EBE}.Debug|ARM64.ActiveCfg = Debug|Any CPU
		{1A89CF06-9F64-4F5E-B5E6-F1618BED6EBE}.Debug|ARM64.Build.0 = Debug|Any CPU
		{1A89CF06-9F64-4F5E-B5E6-F1618BED6EBE}.Debug|Mixed Platforms.ActiveCfg = Debug|Any CPU
		{1A89CF06-9F64-4F5E-B5E6-F1618BED6EBE}.Debug|Mixed Platforms.Build.0 = Debug|Any CPU
		{1A89CF06-9F64-4F5E-B5E6-F1618BED6EBE}.Debug|x64.ActiveCfg = Debug|Any CPU
		{1A89CF06-9F64-4F5E-B5E6-F1618BED6EBE}.Debug|x64.Build.0 = Debug|Any CPU
		{1A89CF06-9F64-4F5E-B5E6-F1618BED6EBE}.Debug|x86.ActiveCfg = Debug|Any CPU
		{1A89CF06-9F64-4F5E-B5E6-F1618BED6EBE}.Debug|x86.Build.0 = Debug|Any CPU
		{1A89CF06-9F64-4F5E-B5E6-F1618BED6EBE}.Release|Any CPU.ActiveCfg = Release|Any CPU
		{1A89CF06-9F64-4F5E-B5E6-F1618BED6EBE}.Release|Any CPU.Build.0 = Release|Any CPU
		{1A89CF06-9F64-4F5E-B5E6-F1618BED6EBE}.Release|ARM.ActiveCfg = Release|Any CPU
		{1A89CF06-9F64-4F5E-B5E6-F1618BED6EBE}.Release|ARM.Build.0 = Release|Any CPU
		{1A89CF06-9F64-4F5E-B5E6-F1618BED6EBE}.Release|ARM64.ActiveCfg = Release|Any CPU
		{1A89CF06-9F64-4F5E-B5E6-F1618BED6EBE}.Release|ARM64.Build.0 = Release|Any CPU
		{1A89CF06-9F64-4F5E-B5E6-F1618BED6EBE}.Release|Mixed Platforms.ActiveCfg = Release|Any CPU
		{1A89CF06-9F64-4F5E-B5E6-F1618BED6EBE}.Release|Mixed Platforms.Build.0 = Release|Any CPU
		{1A89CF06-9F64-4F5E-B5E6-F1618BED6EBE}.Release|x64.ActiveCfg = Release|Any CPU
		{1A89CF06-9F64-4F5E-B5E6-F1618BED6EBE}.Release|x64.Build.0 = Release|Any CPU
		{1A89CF06-9F64-4F5E-B5E6-F1618BED6EBE}.Release|x86.ActiveCfg = Release|Any CPU
		{1A89CF06-9F64-4F5E-B5E6-F1618BED6EBE}.Release|x86.Build.0 = Release|Any CPU
		{1A89CF06-9F64-4F5E-B5E6-F1618BED6EBE}.ReleaseXBAP|Any CPU.ActiveCfg = Release|Any CPU
		{1A89CF06-9F64-4F5E-B5E6-F1618BED6EBE}.ReleaseXBAP|Any CPU.Build.0 = Release|Any CPU
		{1A89CF06-9F64-4F5E-B5E6-F1618BED6EBE}.ReleaseXBAP|ARM.ActiveCfg = Release|Any CPU
		{1A89CF06-9F64-4F5E-B5E6-F1618BED6EBE}.ReleaseXBAP|ARM.Build.0 = Release|Any CPU
		{1A89CF06-9F64-4F5E-B5E6-F1618BED6EBE}.ReleaseXBAP|ARM64.ActiveCfg = Release|Any CPU
		{1A89CF06-9F64-4F5E-B5E6-F1618BED6EBE}.ReleaseXBAP|ARM64.Build.0 = Release|Any CPU
		{1A89CF06-9F64-4F5E-B5E6-F1618BED6EBE}.ReleaseXBAP|Mixed Platforms.ActiveCfg = Release|Any CPU
		{1A89CF06-9F64-4F5E-B5E6-F1618BED6EBE}.ReleaseXBAP|Mixed Platforms.Build.0 = Release|Any CPU
		{1A89CF06-9F64-4F5E-B5E6-F1618BED6EBE}.ReleaseXBAP|x64.ActiveCfg = Release|Any CPU
		{1A89CF06-9F64-4F5E-B5E6-F1618BED6EBE}.ReleaseXBAP|x64.Build.0 = Release|Any CPU
		{1A89CF06-9F64-4F5E-B5E6-F1618BED6EBE}.ReleaseXBAP|x86.ActiveCfg = Release|Any CPU
		{1A89CF06-9F64-4F5E-B5E6-F1618BED6EBE}.ReleaseXBAP|x86.Build.0 = Release|Any CPU
		{C347F23A-F273-401A-9FFA-19355778F1F2}.Debug|Any CPU.ActiveCfg = Debug|Any CPU
		{C347F23A-F273-401A-9FFA-19355778F1F2}.Debug|Any CPU.Build.0 = Debug|Any CPU
		{C347F23A-F273-401A-9FFA-19355778F1F2}.Debug|ARM.ActiveCfg = Debug|Any CPU
		{C347F23A-F273-401A-9FFA-19355778F1F2}.Debug|ARM.Build.0 = Debug|Any CPU
		{C347F23A-F273-401A-9FFA-19355778F1F2}.Debug|ARM64.ActiveCfg = Debug|Any CPU
		{C347F23A-F273-401A-9FFA-19355778F1F2}.Debug|ARM64.Build.0 = Debug|Any CPU
		{C347F23A-F273-401A-9FFA-19355778F1F2}.Debug|Mixed Platforms.ActiveCfg = Debug|Any CPU
		{C347F23A-F273-401A-9FFA-19355778F1F2}.Debug|Mixed Platforms.Build.0 = Debug|Any CPU
		{C347F23A-F273-401A-9FFA-19355778F1F2}.Debug|x64.ActiveCfg = Debug|Any CPU
		{C347F23A-F273-401A-9FFA-19355778F1F2}.Debug|x64.Build.0 = Debug|Any CPU
		{C347F23A-F273-401A-9FFA-19355778F1F2}.Debug|x86.ActiveCfg = Debug|Any CPU
		{C347F23A-F273-401A-9FFA-19355778F1F2}.Debug|x86.Build.0 = Debug|Any CPU
		{C347F23A-F273-401A-9FFA-19355778F1F2}.Release|Any CPU.ActiveCfg = Release|Any CPU
		{C347F23A-F273-401A-9FFA-19355778F1F2}.Release|Any CPU.Build.0 = Release|Any CPU
		{C347F23A-F273-401A-9FFA-19355778F1F2}.Release|ARM.ActiveCfg = Release|Any CPU
		{C347F23A-F273-401A-9FFA-19355778F1F2}.Release|ARM.Build.0 = Release|Any CPU
		{C347F23A-F273-401A-9FFA-19355778F1F2}.Release|ARM64.ActiveCfg = Release|Any CPU
		{C347F23A-F273-401A-9FFA-19355778F1F2}.Release|ARM64.Build.0 = Release|Any CPU
		{C347F23A-F273-401A-9FFA-19355778F1F2}.Release|Mixed Platforms.ActiveCfg = Release|Any CPU
		{C347F23A-F273-401A-9FFA-19355778F1F2}.Release|Mixed Platforms.Build.0 = Release|Any CPU
		{C347F23A-F273-401A-9FFA-19355778F1F2}.Release|x64.ActiveCfg = Release|Any CPU
		{C347F23A-F273-401A-9FFA-19355778F1F2}.Release|x64.Build.0 = Release|Any CPU
		{C347F23A-F273-401A-9FFA-19355778F1F2}.Release|x86.ActiveCfg = Release|Any CPU
		{C347F23A-F273-401A-9FFA-19355778F1F2}.Release|x86.Build.0 = Release|Any CPU
		{C347F23A-F273-401A-9FFA-19355778F1F2}.ReleaseXBAP|Any CPU.ActiveCfg = Release|Any CPU
		{C347F23A-F273-401A-9FFA-19355778F1F2}.ReleaseXBAP|Any CPU.Build.0 = Release|Any CPU
		{C347F23A-F273-401A-9FFA-19355778F1F2}.ReleaseXBAP|ARM.ActiveCfg = Release|Any CPU
		{C347F23A-F273-401A-9FFA-19355778F1F2}.ReleaseXBAP|ARM.Build.0 = Release|Any CPU
		{C347F23A-F273-401A-9FFA-19355778F1F2}.ReleaseXBAP|ARM64.ActiveCfg = Release|Any CPU
		{C347F23A-F273-401A-9FFA-19355778F1F2}.ReleaseXBAP|ARM64.Build.0 = Release|Any CPU
		{C347F23A-F273-401A-9FFA-19355778F1F2}.ReleaseXBAP|Mixed Platforms.ActiveCfg = Release|Any CPU
		{C347F23A-F273-401A-9FFA-19355778F1F2}.ReleaseXBAP|Mixed Platforms.Build.0 = Release|Any CPU
		{C347F23A-F273-401A-9FFA-19355778F1F2}.ReleaseXBAP|x64.ActiveCfg = Release|Any CPU
		{C347F23A-F273-401A-9FFA-19355778F1F2}.ReleaseXBAP|x64.Build.0 = Release|Any CPU
		{C347F23A-F273-401A-9FFA-19355778F1F2}.ReleaseXBAP|x86.ActiveCfg = Release|Any CPU
		{C347F23A-F273-401A-9FFA-19355778F1F2}.ReleaseXBAP|x86.Build.0 = Release|Any CPU
	EndGlobalSection
	GlobalSection(SolutionProperties) = preSolution
		HideSolutionNode = FALSE
	EndGlobalSection
	GlobalSection(ExtensibilityGlobals) = postSolution
		SolutionGuid = {5D391DEC-2789-4249-B635-72BF7B7EC3FC}
	EndGlobalSection
EndGlobal
